
Microsoft Visual Studio Solution File, Format Version 12.00
# Visual Studio Version 17
VisualStudioVersion = 17.7.34202.233
MinimumVisualStudioVersion = 10.0.40219.1
Project("{8BC9CEB8-8B4A-11D0-8D11-00A0C91BC942}") = "oop_module2", "oop_module2.vcxproj", "{42F0A678-6FA1-47CD-87A1-AC3CD18943B1}"
EndProject
Global
	GlobalSection(SolutionConfigurationPlatforms) = preSolution
		Debug|x64 = Debug|x64
		Debug|x86 = Debug|x86
		Release|x64 = Release|x64
		Release|x86 = Release|x86
	EndGlobalSection
	GlobalSection(ProjectConfigurationPlatforms) = postSolution
		{42F0A678-6FA1-47CD-87A1-AC3CD18943B1}.Debug|x64.ActiveCfg = Debug|x64
		{42F0A678-6FA1-47CD-87A1-AC3CD18943B1}.Debug|x64.Build.0 = Debug|x64
		{42F0A678-6FA1-47CD-87A1-AC3CD18943B1}.Debug|x86.ActiveCfg = Debug|Win32
		{42F0A678-6FA1-47CD-87A1-AC3CD18943B1}.Debug|x86.Build.0 = Debug|Win32
		{42F0A678-6FA1-47CD-87A1-AC3CD18943B1}.Release|x64.ActiveCfg = Release|x64
		{42F0A678-6FA1-47CD-87A1-AC3CD18943B1}.Release|x64.Build.0 = Release|x64
		{42F0A678-6FA1-47CD-87A1-AC3CD18943B1}.Release|x86.ActiveCfg = Release|Win32
		{42F0A678-6FA1-47CD-87A1-AC3CD18943B1}.Release|x86.Build.0 = Release|Win32
	EndGlobalSection
	GlobalSection(SolutionProperties) = preSolution
		HideSolutionNode = FALSE
	EndGlobalSection
	GlobalSection(ExtensibilityGlobals) = postSolution
		SolutionGuid = {84726121-FB33-4E8B-A955-A33896D0DAE5}
	EndGlobalSection
EndGlobal
